
Microsoft Visual Studio Solution File, Format Version 12.00
# Visual Studio Version 16
VisualStudioVersion = 16.0.29009.5
MinimumVisualStudioVersion = 10.0.40219.1
Project("{FAE04EC0-301F-11D3-BF4B-00C04F79EFBC}") = "WebApplication1", "WebApplication1\WebApplication1.csproj", "{D0A46E0A-8096-44B9-AD8E-BA2C96836960}"
EndProject
Project("{FAE04EC0-301F-11D3-BF4B-00C04F79EFBC}") = "WebApplication1.Tests", "WebApplication1.Tests\WebApplication1.Tests.csproj", "{823F9D11-DBC0-4384-9B3F-1A141062AD94}"
EndProject
Global
	GlobalSection(SolutionConfigurationPlatforms) = preSolution
		Debug|Any CPU = Debug|Any CPU
		Release|Any CPU = Release|Any CPU
	EndGlobalSection
	GlobalSection(ProjectConfigurationPlatforms) = postSolution
		{D0A46E0A-8096-44B9-AD8E-BA2C96836960}.Debug|Any CPU.ActiveCfg = Debug|Any CPU
		{D0A46E0A-8096-44B9-AD8E-BA2C96836960}.Debug|Any CPU.Build.0 = Debug|Any CPU
		{D0A46E0A-8096-44B9-AD8E-BA2C96836960}.Release|Any CPU.ActiveCfg = Release|Any CPU
		{D0A46E0A-8096-44B9-AD8E-BA2C96836960}.Release|Any CPU.Build.0 = Release|Any CPU
		{823F9D11-DBC0-4384-9B3F-1A141062AD94}.Debug|Any CPU.ActiveCfg = Debug|Any CPU
		{823F9D11-DBC0-4384-9B3F-1A141062AD94}.Debug|Any CPU.Build.0 = Debug|Any CPU
		{823F9D11-DBC0-4384-9B3F-1A141062AD94}.Release|Any CPU.ActiveCfg = Release|Any CPU
		{823F9D11-DBC0-4384-9B3F-1A141062AD94}.Release|Any CPU.Build.0 = Release|Any CPU
	EndGlobalSection
	GlobalSection(SolutionProperties) = preSolution
		HideSolutionNode = FALSE
	EndGlobalSection
	GlobalSection(ExtensibilityGlobals) = postSolution
		SolutionGuid = {A4439563-8189-4010-830D-98B1C8943B9E}
	EndGlobalSection
EndGlobal
